
Microsoft Visual Studio Solution File, Format Version 12.00
# Visual Studio Version 16
VisualStudioVersion = 16.0.31105.61
MinimumVisualStudioVersion = 10.0.40219.1
Project("{9A19103F-16F7-4668-BE54-9A1E7A4F7556}") = "Cinema", "Cinema.csproj", "{B4DD9335-73E3-4301-9981-E3D4E951C48F}"
EndProject
Project("{54435603-DBB4-11D2-8724-00A0C9A8B90C}") = "Setup1", "Setup\Setup1\Setup1.vdproj", "{338CBD2E-2FC1-4C48-A1A2-85CBDB5882F2}"
EndProject
Global
	GlobalSection(SolutionConfigurationPlatforms) = preSolution
		Debug|Any CPU = Debug|Any CPU
		Release|Any CPU = Release|Any CPU
	EndGlobalSection
	GlobalSection(ProjectConfigurationPlatforms) = postSolution
		{B4DD9335-73E3-4301-9981-E3D4E951C48F}.Debug|Any CPU.ActiveCfg = Debug|Any CPU
		{B4DD9335-73E3-4301-9981-E3D4E951C48F}.Debug|Any CPU.Build.0 = Debug|Any CPU
		{B4DD9335-73E3-4301-9981-E3D4E951C48F}.Release|Any CPU.ActiveCfg = Release|Any CPU
		{B4DD9335-73E3-4301-9981-E3D4E951C48F}.Release|Any CPU.Build.0 = Release|Any CPU
		{338CBD2E-2FC1-4C48-A1A2-85CBDB5882F2}.Debug|Any CPU.ActiveCfg = Debug
		{338CBD2E-2FC1-4C48-A1A2-85CBDB5882F2}.Release|Any CPU.ActiveCfg = Release
	EndGlobalSection
	GlobalSection(SolutionProperties) = preSolution
		HideSolutionNode = FALSE
	EndGlobalSection
	GlobalSection(ExtensibilityGlobals) = postSolution
		SolutionGuid = {E67351EE-C98B-426C-9897-497DD20FC707}
	EndGlobalSection
EndGlobal
